
Microsoft Visual Studio Solution File, Format Version 12.00
# Visual Studio 2013
VisualStudioVersion = 12.0.30110.0
MinimumVisualStudioVersion = 10.0.40219.1
Project("{2150E333-8FDC-42A3-9474-1A3956D46DE8}") = "src", "src", "{66444CF1-87B7-41A8-86D8-A2D5521690E1}"
EndProject
Project("{2150E333-8FDC-42A3-9474-1A3956D46DE8}") = "tests", "tests", "{E8F00869-8131-4493-B2CB-69FB25A3CBFC}"
EndProject
Project("{2150E333-8FDC-42A3-9474-1A3956D46DE8}") = "tools", "tools", "{8B302A30-52B4-4198-B526-1C692FD36709}"
EndProject
Project("{FAE04EC0-301F-11D3-BF4B-00C04F79EFBC}") = "ServiceBus.Interfaces", "src\ServiceBus.Interfaces\ServiceBus.Interfaces.csproj", "{2FD02A4B-7B87-42A7-963D-C66E9583C832}"
EndProject
Project("{FAE04EC0-301F-11D3-BF4B-00C04F79EFBC}") = "ServiceBus", "src\ServiceBus\ServiceBus.csproj", "{BA268D42-76C9-4821-9CDC-B11D18E5F6AD}"
EndProject
Project("{2150E333-8FDC-42A3-9474-1A3956D46DE8}") = ".nuget", ".nuget", "{7C8BC07A-90A4-414D-B963-9CEE5C0302CD}"
	ProjectSection(SolutionItems) = preProject
		.nuget\NuGet.Config = .nuget\NuGet.Config
		.nuget\NuGet.exe = .nuget\NuGet.exe
		.nuget\NuGet.targets = .nuget\NuGet.targets
	EndProjectSection
EndProject
Global
	GlobalSection(SolutionConfigurationPlatforms) = preSolution
		Debug|Any CPU = Debug|Any CPU
		Release|Any CPU = Release|Any CPU
	EndGlobalSection
	GlobalSection(ProjectConfigurationPlatforms) = postSolution
		{2FD02A4B-7B87-42A7-963D-C66E9583C832}.Debug|Any CPU.ActiveCfg = Debug|Any CPU
		{2FD02A4B-7B87-42A7-963D-C66E9583C832}.Debug|Any CPU.Build.0 = Debug|Any CPU
		{2FD02A4B-7B87-42A7-963D-C66E9583C832}.Release|Any CPU.ActiveCfg = Release|Any CPU
		{2FD02A4B-7B87-42A7-963D-C66E9583C832}.Release|Any CPU.Build.0 = Release|Any CPU
		{BA268D42-76C9-4821-9CDC-B11D18E5F6AD}.Debug|Any CPU.ActiveCfg = Debug|Any CPU
		{BA268D42-76C9-4821-9CDC-B11D18E5F6AD}.Debug|Any CPU.Build.0 = Debug|Any CPU
		{BA268D42-76C9-4821-9CDC-B11D18E5F6AD}.Release|Any CPU.ActiveCfg = Release|Any CPU
		{BA268D42-76C9-4821-9CDC-B11D18E5F6AD}.Release|Any CPU.Build.0 = Release|Any CPU
	EndGlobalSection
	GlobalSection(SolutionProperties) = preSolution
		HideSolutionNode = FALSE
	EndGlobalSection
	GlobalSection(NestedProjects) = preSolution
		{2FD02A4B-7B87-42A7-963D-C66E9583C832} = {66444CF1-87B7-41A8-86D8-A2D5521690E1}
		{BA268D42-76C9-4821-9CDC-B11D18E5F6AD} = {66444CF1-87B7-41A8-86D8-A2D5521690E1}
	EndGlobalSection
EndGlobal
